// !$*UTF8*$!
{
	archiveVersion = 1;
	classes = {
	};
	objectVersion = 46;
	objects = {

/* Begin PBXBuildFile section */
		F70097EF1D27273C00D1DF9F /* AppDelegate.swift in Sources */ = {isa = PBXBuildFile; fileRef = F70097EE1D27273C00D1DF9F /* AppDelegate.swift */; };
		F70097F11D27273C00D1DF9F /* ViewController.swift in Sources */ = {isa = PBXBuildFile; fileRef = F70097F01D27273C00D1DF9F /* ViewController.swift */; };
		F70097F41D27273C00D1DF9F /* Main.storyboard in Resources */ = {isa = PBXBuildFile; fileRef = F70097F21D27273C00D1DF9F /* Main.storyboard */; };
		F70097F61D27273C00D1DF9F /* Assets.xcassets in Resources */ = {isa = PBXBuildFile; fileRef = F70097F51D27273C00D1DF9F /* Assets.xcassets */; };
		F70097F91D27273C00D1DF9F /* LaunchScreen.storyboard in Resources */ = {isa = PBXBuildFile; fileRef = F70097F71D27273C00D1DF9F /* LaunchScreen.storyboard */; };
		F70098041D27273C00D1DF9F /* __way_destinationTests.swift in Sources */ = {isa = PBXBuildFile; fileRef = F70098031D27273C00D1DF9F /* __way_destinationTests.swift */; };
		F700980F1D27273C00D1DF9F /* __way_destinationUITests.swift in Sources */ = {isa = PBXBuildFile; fileRef = F700980E1D27273C00D1DF9F /* __way_destinationUITests.swift */; };
/* End PBXBuildFile section */

/* Begin PBXContainerItemProxy section */
		F70098001D27273C00D1DF9F /* PBXContainerItemProxy */ = {
			isa = PBXContainerItemProxy;
			containerPortal = F70097E31D27273C00D1DF9F /* Project object */;
			proxyType = 1;
			remoteGlobalIDString = F70097EA1D27273C00D1DF9F;
			remoteInfo = "1-way-destination";
		};
		F700980B1D27273C00D1DF9F /* PBXContainerItemProxy */ = {
			isa = PBXContainerItemProxy;
			containerPortal = F70097E31D27273C00D1DF9F /* Project object */;
			proxyType = 1;
			remoteGlobalIDString = F70097EA1D27273C00D1DF9F;
			remoteInfo = "1-way-destination";
		};
/* End PBXContainerItemProxy section */

/* Begin PBXFileReference section */
		F70097EB1D27273C00D1DF9F /* 1-way-destination.app */ = {isa = PBXFileReference; explicitFileType = wrapper.application; includeInIndex = 0; path = "1-way-destination.app"; sourceTree = BUILT_PRODUCTS_DIR; };
		F70097EE1D27273C00D1DF9F /* AppDelegate.swift */ = {isa = PBXFileReference; lastKnownFileType = sourcecode.swift; path = AppDelegate.swift; sourceTree = "<group>"; };
		F70097F01D27273C00D1DF9F /* ViewController.swift */ = {isa = PBXFileReference; lastKnownFileType = sourcecode.swift; path = ViewController.swift; sourceTree = "<group>"; };
		F70097F31D27273C00D1DF9F /* Base */ = {isa = PBXFileReference; lastKnownFileType = file.storyboard; name = Base; path = Base.lproj/Main.storyboard; sourceTree = "<group>"; };
		F70097F51D27273C00D1DF9F /* Assets.xcassets */ = {isa = PBXFileReference; lastKnownFileType = folder.assetcatalog; path = Assets.xcassets; sourceTree = "<group>"; };
		F70097F81D27273C00D1DF9F /* Base */ = {isa = PBXFileReference; lastKnownFileType = file.storyboard; name = Base; path = Base.lproj/LaunchScreen.storyboard; sourceTree = "<group>"; };
		F70097FA1D27273C00D1DF9F /* Info.plist */ = {isa = PBXFileReference; lastKnownFileType = text.plist.xml; path = Info.plist; sourceTree = "<group>"; };
		F70097FF1D27273C00D1DF9F /* 1-way-destinationTests.xctest */ = {isa = PBXFileReference; explicitFileType = wrapper.cfbundle; includeInIndex = 0; path = "1-way-destinationTests.xctest"; sourceTree = BUILT_PRODUCTS_DIR; };
		F70098031D27273C00D1DF9F /* __way_destinationTests.swift */ = {isa = PBXFileReference; lastKnownFileType = sourcecode.swift; path = __way_destinationTests.swift; sourceTree = "<group>"; };
		F70098051D27273C00D1DF9F /* Info.plist */ = {isa = PBXFileReference; lastKnownFileType = text.plist.xml; path = Info.plist; sourceTree = "<group>"; };
		F700980A1D27273C00D1DF9F /* 1-way-destinationUITests.xctest */ = {isa = PBXFileReference; explicitFileType = wrapper.cfbundle; includeInIndex = 0; path = "1-way-destinationUITests.xctest"; sourceTree = BUILT_PRODUCTS_DIR; };
		F700980E1D27273C00D1DF9F /* __way_destinationUITests.swift */ = {isa = PBXFileReference; lastKnownFileType = sourcecode.swift; path = __way_destinationUITests.swift; sourceTree = "<group>"; };
		F70098101D27273C00D1DF9F /* Info.plist */ = {isa = PBXFileReference; lastKnownFileType = text.plist.xml; path = Info.plist; sourceTree = "<group>"; };
/* End PBXFileReference section */

/* Begin PBXFrameworksBuildPhase section */
		F70097E81D27273C00D1DF9F /* Frameworks */ = {
			isa = PBXFrameworksBuildPhase;
			buildActionMask = 2147483647;
			files = (
			);
			runOnlyForDeploymentPostprocessing = 0;
		};
		F70097FC1D27273C00D1DF9F /* Frameworks */ = {
			isa = PBXFrameworksBuildPhase;
			buildActionMask = 2147483647;
			files = (
			);
			runOnlyForDeploymentPostprocessing = 0;
		};
		F70098071D27273C00D1DF9F /* Frameworks */ = {
			isa = PBXFrameworksBuildPhase;
			buildActionMask = 2147483647;
			files = (
			);
			runOnlyForDeploymentPostprocessing = 0;
		};
/* End PBXFrameworksBuildPhase section */

/* Begin PBXGroup section */
		F70097E21D27273C00D1DF9F = {
			isa = PBXGroup;
			children = (
				F70097ED1D27273C00D1DF9F /* 1-way-destination */,
				F70098021D27273C00D1DF9F /* 1-way-destinationTests */,
				F700980D1D27273C00D1DF9F /* 1-way-destinationUITests */,
				F70097EC1D27273C00D1DF9F /* Products */,
			);
			sourceTree = "<group>";
		};
		F70097EC1D27273C00D1DF9F /* Products */ = {
			isa = PBXGroup;
			children = (
				F70097EB1D27273C00D1DF9F /* 1-way-destination.app */,
				F70097FF1D27273C00D1DF9F /* 1-way-destinationTests.xctest */,
				F700980A1D27273C00D1DF9F /* 1-way-destinationUITests.xctest */,
			);
			name = Products;
			sourceTree = "<group>";
		};
		F70097ED1D27273C00D1DF9F /* 1-way-destination */ = {
			isa = PBXGroup;
			children = (
				F70097EE1D27273C00D1DF9F /* AppDelegate.swift */,
				F70097F01D27273C00D1DF9F /* ViewController.swift */,
				F70097F21D27273C00D1DF9F /* Main.storyboard */,
				F70097F51D27273C00D1DF9F /* Assets.xcassets */,
				F70097F71D27273C00D1DF9F /* LaunchScreen.storyboard */,
				F70097FA1D27273C00D1DF9F /* Info.plist */,
			);
			path = "1-way-destination";
			sourceTree = "<group>";
		};
		F70098021D27273C00D1DF9F /* 1-way-destinationTests */ = {
			isa = PBXGroup;
			children = (
				F70098031D27273C00D1DF9F /* __way_destinationTests.swift */,
				F70098051D27273C00D1DF9F /* Info.plist */,
			);
			path = "1-way-destinationTests";
			sourceTree = "<group>";
		};
		F700980D1D27273C00D1DF9F /* 1-way-destinationUITests */ = {
			isa = PBXGroup;
			children = (
				F700980E1D27273C00D1DF9F /* __way_destinationUITests.swift */,
				F70098101D27273C00D1DF9F /* Info.plist */,
			);
			path = "1-way-destinationUITests";
			sourceTree = "<group>";
		};
/* End PBXGroup section */

/* Begin PBXNativeTarget section */
		F70097EA1D27273C00D1DF9F /* 1-way-destination */ = {
			isa = PBXNativeTarget;
			buildConfigurationList = F70098131D27273C00D1DF9F /* Build configuration list for PBXNativeTarget "1-way-destination" */;
			buildPhases = (
				F70097E71D27273C00D1DF9F /* Sources */,
				F70097E81D27273C00D1DF9F /* Frameworks */,
				F70097E91D27273C00D1DF9F /* Resources */,
			);
			buildRules = (
			);
			dependencies = (
			);
			name = "1-way-destination";
			productName = "1-way-destination";
			productReference = F70097EB1D27273C00D1DF9F /* 1-way-destination.app */;
			productType = "com.apple.product-type.application";
		};
		F70097FE1D27273C00D1DF9F /* 1-way-destinationTests */ = {
			isa = PBXNativeTarget;
			buildConfigurationList = F70098161D27273C00D1DF9F /* Build configuration list for PBXNativeTarget "1-way-destinationTests" */;
			buildPhases = (
				F70097FB1D27273C00D1DF9F /* Sources */,
				F70097FC1D27273C00D1DF9F /* Frameworks */,
				F70097FD1D27273C00D1DF9F /* Resources */,
			);
			buildRules = (
			);
			dependencies = (
				F70098011D27273C00D1DF9F /* PBXTargetDependency */,
			);
			name = "1-way-destinationTests";
			productName = "1-way-destinationTests";
			productReference = F70097FF1D27273C00D1DF9F /* 1-way-destinationTests.xctest */;
			productType = "com.apple.product-type.bundle.unit-test";
		};
		F70098091D27273C00D1DF9F /* 1-way-destinationUITests */ = {
			isa = PBXNativeTarget;
			buildConfigurationList = F70098191D27273C00D1DF9F /* Build configuration list for PBXNativeTarget "1-way-destinationUITests" */;
			buildPhases = (
				F70098061D27273C00D1DF9F /* Sources */,
				F70098071D27273C00D1DF9F /* Frameworks */,
				F70098081D27273C00D1DF9F /* Resources */,
			);
			buildRules = (
			);
			dependencies = (
				F700980C1D27273C00D1DF9F /* PBXTargetDependency */,
			);
			name = "1-way-destinationUITests";
			productName = "1-way-destinationUITests";
			productReference = F700980A1D27273C00D1DF9F /* 1-way-destinationUITests.xctest */;
			productType = "com.apple.product-type.bundle.ui-testing";
		};
/* End PBXNativeTarget section */

/* Begin PBXProject section */
		F70097E31D27273C00D1DF9F /* Project object */ = {
			isa = PBXProject;
			attributes = {
				LastSwiftUpdateCheck = 0730;
				LastUpgradeCheck = 0730;
				ORGANIZATIONNAME = "Lee, Marika";
				TargetAttributes = {
					F70097EA1D27273C00D1DF9F = {
						CreatedOnToolsVersion = 7.3.1;
						DevelopmentTeam = 6W8Q724D5F;
					};
					F70097FE1D27273C00D1DF9F = {
						CreatedOnToolsVersion = 7.3.1;
						DevelopmentTeam = 6W8Q724D5F;
						TestTargetID = F70097EA1D27273C00D1DF9F;
					};
					F70098091D27273C00D1DF9F = {
						CreatedOnToolsVersion = 7.3.1;
						DevelopmentTeam = 6W8Q724D5F;
						TestTargetID = F70097EA1D27273C00D1DF9F;
					};
				};
			};
			buildConfigurationList = F70097E61D27273C00D1DF9F /* Build configuration list for PBXProject "1-way-destination" */;
			compatibilityVersion = "Xcode 3.2";
			developmentRegion = English;
			hasScannedForEncodings = 0;
			knownRegions = (
				en,
				Base,
			);
			mainGroup = F70097E21D27273C00D1DF9F;
			productRefGroup = F70097EC1D27273C00D1DF9F /* Products */;
			projectDirPath = "";
			projectRoot = "";
			targets = (
				F70097EA1D27273C00D1DF9F /* 1-way-destination */,
				F70097FE1D27273C00D1DF9F /* 1-way-destinationTests */,
				F70098091D27273C00D1DF9F /* 1-way-destinationUITests */,
			);
		};
/* End PBXProject section */

/* Begin PBXResourcesBuildPhase section */
		F70097E91D27273C00D1DF9F /* Resources */ = {
			isa = PBXResourcesBuildPhase;
			buildActionMask = 2147483647;
			files = (
				F70097F91D27273C00D1DF9F /* LaunchScreen.storyboard in Resources */,
				F70097F61D27273C00D1DF9F /* Assets.xcassets in Resources */,
				F70097F41D27273C00D1DF9F /* Main.storyboard in Resources */,
			);
			runOnlyForDeploymentPostprocessing = 0;
		};
		F70097FD1D27273C00D1DF9F /* Resources */ = {
			isa = PBXResourcesBuildPhase;
			buildActionMask = 2147483647;
			files = (
			);
			runOnlyForDeploymentPostprocessing = 0;
		};
		F70098081D27273C00D1DF9F /* Resources */ = {
			isa = PBXResourcesBuildPhase;
			buildActionMask = 2147483647;
			files = (
			);
			runOnlyForDeploymentPostprocessing = 0;
		};
/* End PBXResourcesBuildPhase section */

/* Begin PBXSourcesBuildPhase section */
		F70097E71D27273C00D1DF9F /* Sources */ = {
			isa = PBXSourcesBuildPhase;
			buildActionMask = 2147483647;
			files = (
				F70097F11D27273C00D1DF9F /* ViewController.swift in Sources */,
				F70097EF1D27273C00D1DF9F /* AppDelegate.swift in Sources */,
			);
			runOnlyForDeploymentPostprocessing = 0;
		};
		F70097FB1D27273C00D1DF9F /* Sources */ = {
			isa = PBXSourcesBuildPhase;
			buildActionMask = 2147483647;
			files = (
				F70098041D27273C00D1DF9F /* __way_destinationTests.swift in Sources */,
			);
			runOnlyForDeploymentPostprocessing = 0;
		};
		F70098061D27273C00D1DF9F /* Sources */ = {
			isa = PBXSourcesBuildPhase;
			buildActionMask = 2147483647;
			files = (
				F700980F1D27273C00D1DF9F /* __way_destinationUITests.swift in Sources */,
			);
			runOnlyForDeploymentPostprocessing = 0;
		};
/* End PBXSourcesBuildPhase section */

/* Begin PBXTargetDependency section */
		F70098011D27273C00D1DF9F /* PBXTargetDependency */ = {
			isa = PBXTargetDependency;
			target = F70097EA1D27273C00D1DF9F /* 1-way-destination */;
			targetProxy = F70098001D27273C00D1DF9F /* PBXContainerItemProxy */;
		};
		F700980C1D27273C00D1DF9F /* PBXTargetDependency */ = {
			isa = PBXTargetDependency;
			target = F70097EA1D27273C00D1DF9F /* 1-way-destination */;
			targetProxy = F700980B1D27273C00D1DF9F /* PBXContainerItemProxy */;
		};
/* End PBXTargetDependency section */

/* Begin PBXVariantGroup section */
		F70097F21D27273C00D1DF9F /* Main.storyboard */ = {
			isa = PBXVariantGroup;
			children = (
				F70097F31D27273C00D1DF9F /* Base */,
			);
			name = Main.storyboard;
			sourceTree = "<group>";
		};
		F70097F71D27273C00D1DF9F /* LaunchScreen.storyboard */ = {
			isa = PBXVariantGroup;
			children = (
				F70097F81D27273C00D1DF9F /* Base */,
			);
			name = LaunchScreen.storyboard;
			sourceTree = "<group>";
		};
/* End PBXVariantGroup section */

/* Begin XCBuildConfiguration section */
		F70098111D27273C00D1DF9F /* Debug */ = {
			isa = XCBuildConfiguration;
			buildSettings = {
				ALWAYS_SEARCH_USER_PATHS = NO;
				CLANG_ANALYZER_NONNULL = YES;
				CLANG_CXX_LANGUAGE_STANDARD = "gnu++0x";
				CLANG_CXX_LIBRARY = "libc++";
				CLANG_ENABLE_MODULES = YES;
				CLANG_ENABLE_OBJC_ARC = YES;
				CLANG_WARN_BOOL_CONVERSION = YES;
				CLANG_WARN_CONSTANT_CONVERSION = YES;
				CLANG_WARN_DIRECT_OBJC_ISA_USAGE = YES_ERROR;
				CLANG_WARN_EMPTY_BODY = YES;
				CLANG_WARN_ENUM_CONVERSION = YES;
				CLANG_WARN_INT_CONVERSION = YES;
				CLANG_WARN_OBJC_ROOT_CLASS = YES_ERROR;
				CLANG_WARN_UNREACHABLE_CODE = YES;
				CLANG_WARN__DUPLICATE_METHOD_MATCH = YES;
				"CODE_SIGN_IDENTITY[sdk=iphoneos*]" = "iPhone Developer";
				COPY_PHASE_STRIP = NO;
				DEBUG_INFORMATION_FORMAT = dwarf;
				ENABLE_STRICT_OBJC_MSGSEND = YES;
				ENABLE_TESTABILITY = YES;
				GCC_C_LANGUAGE_STANDARD = gnu99;
				GCC_DYNAMIC_NO_PIC = NO;
				GCC_NO_COMMON_BLOCKS = YES;
				GCC_OPTIMIZATION_LEVEL = 0;
				GCC_PREPROCESSOR_DEFINITIONS = (
					"DEBUG=1",
					"$(inherited)",
				);
				GCC_WARN_64_TO_32_BIT_CONVERSION = YES;
				GCC_WARN_ABOUT_RETURN_TYPE = YES_ERROR;
				GCC_WARN_UNDECLARED_SELECTOR = YES;
				GCC_WARN_UNINITIALIZED_AUTOS = YES_AGGRESSIVE;
				GCC_WARN_UNUSED_FUNCTION = YES;
				GCC_WARN_UNUSED_VARIABLE = YES;
				IPHONEOS_DEPLOYMENT_TARGET = 9.3;
				MTL_ENABLE_DEBUG_INFO = YES;
				ONLY_ACTIVE_ARCH = YES;
				SDKROOT = iphoneos;
				SWIFT_OPTIMIZATION_LEVEL = "-Onone";
				TARGETED_DEVICE_FAMILY = "1,2";
			};
			name = Debug;
		};
		F70098121D27273C00D1DF9F /* Release */ = {
			isa = XCBuildConfiguration;
			buildSettings = {
				ALWAYS_SEARCH_USER_PATHS = NO;
				CLANG_ANALYZER_NONNULL = YES;
				CLANG_CXX_LANGUAGE_STANDARD = "gnu++0x";
				CLANG_CXX_LIBRARY = "libc++";
				CLANG_ENABLE_MODULES = YES;
				CLANG_ENABLE_OBJC_ARC = YES;
				CLANG_WARN_BOOL_CONVERSION = YES;
				CLANG_WARN_CONSTANT_CONVERSION = YES;
				CLANG_WARN_DIRECT_OBJC_ISA_USAGE = YES_ERROR;
				CLANG_WARN_EMPTY_BODY = YES;
				CLANG_WARN_ENUM_CONVERSION = YES;
				CLANG_WARN_INT_CONVERSION = YES;
				CLANG_WARN_OBJC_ROOT_CLASS = YES_ERROR;
				CLANG_WARN_UNREACHABLE_CODE = YES;
				CLANG_WARN__DUPLICATE_METHOD_MATCH = YES;
				"CODE_SIGN_IDENTITY[sdk=iphoneos*]" = "iPhone Developer";
				COPY_PHASE_STRIP = NO;
				DEBUG_INFORMATION_FORMAT = "dwarf-with-dsym";
				ENABLE_NS_ASSERTIONS = NO;
				ENABLE_STRICT_OBJC_MSGSEND = YES;
				GCC_C_LANGUAGE_STANDARD = gnu99;
				GCC_NO_COMMON_BLOCKS = YES;
				GCC_WARN_64_TO_32_BIT_CONVERSION = YES;
				GCC_WARN_ABOUT_RETURN_TYPE = YES_ERROR;
				GCC_WARN_UNDECLARED_SELECTOR = YES;
				GCC_WARN_UNINITIALIZED_AUTOS = YES_AGGRESSIVE;
				GCC_WARN_UNUSED_FUNCTION = YES;
				GCC_WARN_UNUSED_VARIABLE = YES;
				IPHONEOS_DEPLOYMENT_TARGET = 9.3;
				MTL_ENABLE_DEBUG_INFO = NO;
				SDKROOT = iphoneos;
				TARGETED_DEVICE_FAMILY = "1,2";
				VALIDATE_PRODUCT = YES;
			};
			name = Release;
		};
		F70098141D27273C00D1DF9F /* Debug */ = {
			isa = XCBuildConfiguration;
			buildSettings = {
				ASSETCATALOG_COMPILER_APPICON_NAME = AppIcon;
				INFOPLIST_FILE = "1-way-destination/Info.plist";
				LD_RUNPATH_SEARCH_PATHS = "$(inherited) @executable_path/Frameworks";
				PRODUCT_BUNDLE_IDENTIFIER = "com.example.--way-destination";
				PRODUCT_NAME = "$(TARGET_NAME)";
			};
			name = Debug;
		};
		F70098151D27273C00D1DF9F /* Release */ = {
			isa = XCBuildConfiguration;
			buildSettings = {
				ASSETCATALOG_COMPILER_APPICON_NAME = AppIcon;
				INFOPLIST_FILE = "1-way-destination/Info.plist";
				LD_RUNPATH_SEARCH_PATHS = "$(inherited) @executable_path/Frameworks";
				PRODUCT_BUNDLE_IDENTIFIER = "com.example.--way-destination";
				PRODUCT_NAME = "$(TARGET_NAME)";
			};
			name = Release;
		};
		F70098171D27273C00D1DF9F /* Debug */ = {
			isa = XCBuildConfiguration;
			buildSettings = {
				BUNDLE_LOADER = "$(TEST_HOST)";
				INFOPLIST_FILE = "1-way-destinationTests/Info.plist";
				LD_RUNPATH_SEARCH_PATHS = "$(inherited) @executable_path/Frameworks @loader_path/Frameworks";
				PRODUCT_BUNDLE_IDENTIFIER = "com.example.--way-destinationTests";
				PRODUCT_NAME = "$(TARGET_NAME)";
				TEST_HOST = "$(BUILT_PRODUCTS_DIR)/1-way-destination.app/1-way-destination";
			};
			name = Debug;
		};
		F70098181D27273C00D1DF9F /* Release */ = {
			isa = XCBuildConfiguration;
			buildSettings = {
				BUNDLE_LOADER = "$(TEST_HOST)";
				INFOPLIST_FILE = "1-way-destinationTests/Info.plist";
				LD_RUNPATH_SEARCH_PATHS = "$(inherited) @executable_path/Frameworks @loader_path/Frameworks";
				PRODUCT_BUNDLE_IDENTIFIER = "com.example.--way-destinationTests";
				PRODUCT_NAME = "$(TARGET_NAME)";
				TEST_HOST = "$(BUILT_PRODUCTS_DIR)/1-way-destination.app/1-way-destination";
			};
			name = Release;
		};
		F700981A1D27273C00D1DF9F /* Debug */ = {
			isa = XCBuildConfiguration;
			buildSettings = {
				INFOPLIST_FILE = "1-way-destinationUITests/Info.plist";
				LD_RUNPATH_SEARCH_PATHS = "$(inherited) @executable_path/Frameworks @loader_path/Frameworks";
				PRODUCT_BUNDLE_IDENTIFIER = "com.example.--way-destinationUITests";
				PRODUCT_NAME = "$(TARGET_NAME)";
				TEST_TARGET_NAME = "1-way-destination";
			};
			name = Debug;
		};
		F700981B1D27273C00D1DF9F /* Release */ = {
			isa = XCBuildConfiguration;
			buildSettings = {
				INFOPLIST_FILE = "1-way-destinationUITests/Info.plist";
				LD_RUNPATH_SEARCH_PATHS = "$(inherited) @executable_path/Frameworks @loader_path/Frameworks";
				PRODUCT_BUNDLE_IDENTIFIER = "com.example.--way-destinationUITests";
				PRODUCT_NAME = "$(TARGET_NAME)";
				TEST_TARGET_NAME = "1-way-destination";
			};
			name = Release;
		};
/* End XCBuildConfiguration section */

/* Begin XCConfigurationList section */
		F70097E61D27273C00D1DF9F /* Build configuration list for PBXProject "1-way-destination" */ = {
			isa = XCConfigurationList;
			buildConfigurations = (
				F70098111D27273C00D1DF9F /* Debug */,
				F70098121D27273C00D1DF9F /* Release */,
			);
			defaultConfigurationIsVisible = 0;
			defaultConfigurationName = Release;
		};
		F70098131D27273C00D1DF9F /* Build configuration list for PBXNativeTarget "1-way-destination" */ = {
			isa = XCConfigurationList;
			buildConfigurations = (
				F70098141D27273C00D1DF9F /* Debug */,
				F70098151D27273C00D1DF9F /* Release */,
			);
			defaultConfigurationIsVisible = 0;
		};
		F70098161D27273C00D1DF9F /* Build configuration list for PBXNativeTarget "1-way-destinationTests" */ = {
			isa = XCConfigurationList;
			buildConfigurations = (
				F70098171D27273C00D1DF9F /* Debug */,
				F70098181D27273C00D1DF9F /* Release */,
			);
			defaultConfigurationIsVisible = 0;
		};
		F70098191D27273C00D1DF9F /* Build configuration list for PBXNativeTarget "1-way-destinationUITests" */ = {
			isa = XCConfigurationList;
			buildConfigurations = (
				F700981A1D27273C00D1DF9F /* Debug */,
				F700981B1D27273C00D1DF9F /* Release */,
			);
			defaultConfigurationIsVisible = 0;
		};
/* End XCConfigurationList section */
	};
	rootObject = F70097E31D27273C00D1DF9F /* Project object */;
}
